// !$*UTF8*$!
{
	archiveVersion = 1;
	classes = {
	};
	objectVersion = 46;
	objects = {

/* Begin PBXBuildFile section */
		680A4FC41CE9FACD0049B8B1 /* AppDelegate.swift in Sources */ = {isa = PBXBuildFile; fileRef = 680A4FC31CE9FACD0049B8B1 /* AppDelegate.swift */; };
		680A4FC61CE9FACD0049B8B1 /* ViewController.swift in Sources */ = {isa = PBXBuildFile; fileRef = 680A4FC51CE9FACD0049B8B1 /* ViewController.swift */; };
		680A4FC91CE9FACD0049B8B1 /* Main.storyboard in Resources */ = {isa = PBXBuildFile; fileRef = 680A4FC71CE9FACD0049B8B1 /* Main.storyboard */; };
		680A4FCB1CE9FACD0049B8B1 /* Assets.xcassets in Resources */ = {isa = PBXBuildFile; fileRef = 680A4FCA1CE9FACD0049B8B1 /* Assets.xcassets */; };
		680A4FCE1CE9FACD0049B8B1 /* LaunchScreen.storyboard in Resources */ = {isa = PBXBuildFile; fileRef = 680A4FCC1CE9FACD0049B8B1 /* LaunchScreen.storyboard */; };
/* End PBXBuildFile section */

/* Begin PBXFileReference section */
		680A4FC01CE9FACD0049B8B1 /* Web Service Example.app */ = {isa = PBXFileReference; explicitFileType = wrapper.application; includeInIndex = 0; path = "Web Service Example.app"; sourceTree = BUILT_PRODUCTS_DIR; };
		680A4FC31CE9FACD0049B8B1 /* AppDelegate.swift */ = {isa = PBXFileReference; lastKnownFileType = sourcecode.swift; path = AppDelegate.swift; sourceTree = "<group>"; };
		680A4FC51CE9FACD0049B8B1 /* ViewController.swift */ = {isa = PBXFileReference; lastKnownFileType = sourcecode.swift; path = ViewController.swift; sourceTree = "<group>"; };
		680A4FC81CE9FACD0049B8B1 /* Base */ = {isa = PBXFileReference; lastKnownFileType = file.storyboard; name = Base; path = Base.lproj/Main.storyboard; sourceTree = "<group>"; };
		680A4FCA1CE9FACD0049B8B1 /* Assets.xcassets */ = {isa = PBXFileReference; lastKnownFileType = folder.assetcatalog; path = Assets.xcassets; sourceTree = "<group>"; };
		680A4FCD1CE9FACD0049B8B1 /* Base */ = {isa = PBXFileReference; lastKnownFileType = file.storyboard; name = Base; path = Base.lproj/LaunchScreen.storyboard; sourceTree = "<group>"; };
		680A4FCF1CE9FACD0049B8B1 /* Info.plist */ = {isa = PBXFileReference; lastKnownFileType = text.plist.xml; path = Info.plist; sourceTree = "<group>"; };
/* End PBXFileReference section */

/* Begin PBXFrameworksBuildPhase section */
		680A4FBD1CE9FACD0049B8B1 /* Frameworks */ = {
			isa = PBXFrameworksBuildPhase;
			buildActionMask = 2147483647;
			files = (
			);
			runOnlyForDeploymentPostprocessing = 0;
		};
/* End PBXFrameworksBuildPhase section */

/* Begin PBXGroup section */
		680A4FB71CE9FACD0049B8B1 = {
			isa = PBXGroup;
			children = (
				680A4FC21CE9FACD0049B8B1 /* Web Service Example */,
				680A4FC11CE9FACD0049B8B1 /* Products */,
			);
			sourceTree = "<group>";
		};
		680A4FC11CE9FACD0049B8B1 /* Products */ = {
			isa = PBXGroup;
			children = (
				680A4FC01CE9FACD0049B8B1 /* Web Service Example.app */,
			);
			name = Products;
			sourceTree = "<group>";
		};
		680A4FC21CE9FACD0049B8B1 /* Web Service Example */ = {
			isa = PBXGroup;
			children = (
				680A4FC31CE9FACD0049B8B1 /* AppDelegate.swift */,
				680A4FC51CE9FACD0049B8B1 /* ViewController.swift */,
				680A4FC71CE9FACD0049B8B1 /* Main.storyboard */,
				680A4FCA1CE9FACD0049B8B1 /* Assets.xcassets */,
				680A4FCC1CE9FACD0049B8B1 /* LaunchScreen.storyboard */,
				680A4FCF1CE9FACD0049B8B1 /* Info.plist */,
			);
			path = "Web Service Example";
			sourceTree = "<group>";
		};
/* End PBXGroup section */

/* Begin PBXNativeTarget section */
		680A4FBF1CE9FACD0049B8B1 /* Web Service Example */ = {
			isa = PBXNativeTarget;
			buildConfigurationList = 680A4FD21CE9FACD0049B8B1 /* Build configuration list for PBXNativeTarget "Web Service Example" */;
			buildPhases = (
				680A4FBC1CE9FACD0049B8B1 /* Sources */,
				680A4FBD1CE9FACD0049B8B1 /* Frameworks */,
				680A4FBE1CE9FACD0049B8B1 /* Resources */,
			);
			buildRules = (
			);
			dependencies = (
			);
			name = "Web Service Example";
			productName = "Web Service Example";
			productReference = 680A4FC01CE9FACD0049B8B1 /* Web Service Example.app */;
			productType = "com.apple.product-type.application";
		};
/* End PBXNativeTarget section */

/* Begin PBXProject section */
		680A4FB81CE9FACD0049B8B1 /* Project object */ = {
			isa = PBXProject;
			attributes = {
				LastSwiftUpdateCheck = 0720;
				LastUpgradeCheck = 0720;
				ORGANIZATIONNAME = Thinkful;
				TargetAttributes = {
					680A4FBF1CE9FACD0049B8B1 = {
						CreatedOnToolsVersion = 7.2;
					};
				};
			};
			buildConfigurationList = 680A4FBB1CE9FACD0049B8B1 /* Build configuration list for PBXProject "Web Service Example" */;
			compatibilityVersion = "Xcode 3.2";
			developmentRegion = English;
			hasScannedForEncodings = 0;
			knownRegions = (
				en,
				Base,
			);
			mainGroup = 680A4FB71CE9FACD0049B8B1;
			productRefGroup = 680A4FC11CE9FACD0049B8B1 /* Products */;
			projectDirPath = "";
			projectRoot = "";
			targets = (
				680A4FBF1CE9FACD0049B8B1 /* Web Service Example */,
			);
		};
/* End PBXProject section */

/* Begin PBXResourcesBuildPhase section */
		680A4FBE1CE9FACD0049B8B1 /* Resources */ = {
			isa = PBXResourcesBuildPhase;
			buildActionMask = 2147483647;
			files = (
				680A4FCE1CE9FACD0049B8B1 /* LaunchScreen.storyboard in Resources */,
				680A4FCB1CE9FACD0049B8B1 /* Assets.xcassets in Resources */,
				680A4FC91CE9FACD0049B8B1 /* Main.storyboard in Resources */,
			);
			runOnlyForDeploymentPostprocessing = 0;
		};
/* End PBXResourcesBuildPhase section */

/* Begin PBXSourcesBuildPhase section */
		680A4FBC1CE9FACD0049B8B1 /* Sources */ = {
			isa = PBXSourcesBuildPhase;
			buildActionMask = 2147483647;
			files = (
				680A4FC61CE9FACD0049B8B1 /* ViewController.swift in Sources */,
				680A4FC41CE9FACD0049B8B1 /* AppDelegate.swift in Sources */,
			);
			runOnlyForDeploymentPostprocessing = 0;
		};
/* End PBXSourcesBuildPhase section */

/* Begin PBXVariantGroup section */
		680A4FC71CE9FACD0049B8B1 /* Main.storyboard */ = {
			isa = PBXVariantGroup;
			children = (
				680A4FC81CE9FACD0049B8B1 /* Base */,
			);
			name = Main.storyboard;
			sourceTree = "<group>";
		};
		680A4FCC1CE9FACD0049B8B1 /* LaunchScreen.storyboard */ = {
			isa = PBXVariantGroup;
			children = (
				680A4FCD1CE9FACD0049B8B1 /* Base */,
			);
			name = LaunchScreen.storyboard;
			sourceTree = "<group>";
		};
/* End PBXVariantGroup section */

/* Begin XCBuildConfiguration section */
		680A4FD01CE9FACD0049B8B1 /* Debug */ = {
			isa = XCBuildConfiguration;
			buildSettings = {
				ALWAYS_SEARCH_USER_PATHS = NO;
				CLANG_CXX_LANGUAGE_STANDARD = "gnu++0x";
				CLANG_CXX_LIBRARY = "libc++";
				CLANG_ENABLE_MODULES = YES;
				CLANG_ENABLE_OBJC_ARC = YES;
				CLANG_WARN_BOOL_CONVERSION = YES;
				CLANG_WARN_CONSTANT_CONVERSION = YES;
				CLANG_WARN_DIRECT_OBJC_ISA_USAGE = YES_ERROR;
				CLANG_WARN_EMPTY_BODY = YES;
				CLANG_WARN_ENUM_CONVERSION = YES;
				CLANG_WARN_INT_CONVERSION = YES;
				CLANG_WARN_OBJC_ROOT_CLASS = YES_ERROR;
				CLANG_WARN_UNREACHABLE_CODE = YES;
				CLANG_WARN__DUPLICATE_METHOD_MATCH = YES;
				"CODE_SIGN_IDENTITY[sdk=iphoneos*]" = "iPhone Developer";
				COPY_PHASE_STRIP = NO;
				DEBUG_INFORMATION_FORMAT = dwarf;
				ENABLE_STRICT_OBJC_MSGSEND = YES;
				ENABLE_TESTABILITY = YES;
				GCC_C_LANGUAGE_STANDARD = gnu99;
				GCC_DYNAMIC_NO_PIC = NO;
				GCC_NO_COMMON_BLOCKS = YES;
				GCC_OPTIMIZATION_LEVEL = 0;
				GCC_PREPROCESSOR_DEFINITIONS = (
					"DEBUG=1",
					"$(inherited)",
				);
				GCC_WARN_64_TO_32_BIT_CONVERSION = YES;
				GCC_WARN_ABOUT_RETURN_TYPE = YES_ERROR;
				GCC_WARN_UNDECLARED_SELECTOR = YES;
				GCC_WARN_UNINITIALIZED_AUTOS = YES_AGGRESSIVE;
				GCC_WARN_UNUSED_FUNCTION = YES;
				GCC_WARN_UNUSED_VARIABLE = YES;
				IPHONEOS_DEPLOYMENT_TARGET = 9.2;
				MTL_ENABLE_DEBUG_INFO = YES;
				ONLY_ACTIVE_ARCH = YES;
				SDKROOT = iphoneos;
				SWIFT_OPTIMIZATION_LEVEL = "-Onone";
				TARGETED_DEVICE_FAMILY = "1,2";
			};
			name = Debug;
		};
		680A4FD11CE9FACD0049B8B1 /* Release */ = {
			isa = XCBuildConfiguration;
			buildSettings = {
				ALWAYS_SEARCH_USER_PATHS = NO;
				CLANG_CXX_LANGUAGE_STANDARD = "gnu++0x";
				CLANG_CXX_LIBRARY = "libc++";
				CLANG_ENABLE_MODULES = YES;
				CLANG_ENABLE_OBJC_ARC = YES;
				CLANG_WARN_BOOL_CONVERSION = YES;
				CLANG_WARN_CONSTANT_CONVERSION = YES;
				CLANG_WARN_DIRECT_OBJC_ISA_USAGE = YES_ERROR;
				CLANG_WARN_EMPTY_BODY = YES;
				CLANG_WARN_ENUM_CONVERSION = YES;
				CLANG_WARN_INT_CONVERSION = YES;
				CLANG_WARN_OBJC_ROOT_CLASS = YES_ERROR;
				CLANG_WARN_UNREACHABLE_CODE = YES;
				CLANG_WARN__DUPLICATE_METHOD_MATCH = YES;
				"CODE_SIGN_IDENTITY[sdk=iphoneos*]" = "iPhone Developer";
				COPY_PHASE_STRIP = NO;
				DEBUG_INFORMATION_FORMAT = "dwarf-with-dsym";
				ENABLE_NS_ASSERTIONS = NO;
				ENABLE_STRICT_OBJC_MSGSEND = YES;
				GCC_C_LANGUAGE_STANDARD = gnu99;
				GCC_NO_COMMON_BLOCKS = YES;
				GCC_WARN_64_TO_32_BIT_CONVERSION = YES;
				GCC_WARN_ABOUT_RETURN_TYPE = YES_ERROR;
				GCC_WARN_UNDECLARED_SELECTOR = YES;
				GCC_WARN_UNINITIALIZED_AUTOS = YES_AGGRESSIVE;
				GCC_WARN_UNUSED_FUNCTION = YES;
				GCC_WARN_UNUSED_VARIABLE = YES;
				IPHONEOS_DEPLOYMENT_TARGET = 9.2;
				MTL_ENABLE_DEBUG_INFO = NO;
				SDKROOT = iphoneos;
				TARGETED_DEVICE_FAMILY = "1,2";
				VALIDATE_PRODUCT = YES;
			};
			name = Release;
		};
		680A4FD31CE9FACD0049B8B1 /* Debug */ = {
			isa = XCBuildConfiguration;
			buildSettings = {
				ASSETCATALOG_COMPILER_APPICON_NAME = AppIcon;
				INFOPLIST_FILE = "Web Service Example/Info.plist";
				LD_RUNPATH_SEARCH_PATHS = "$(inherited) @executable_path/Frameworks";
				PRODUCT_BUNDLE_IDENTIFIER = "com.thinkful.Web-Service-Example";
				PRODUCT_NAME = "$(TARGET_NAME)";
			};
			name = Debug;
		};
		680A4FD41CE9FACD0049B8B1 /* Release */ = {
			isa = XCBuildConfiguration;
			buildSettings = {
				ASSETCATALOG_COMPILER_APPICON_NAME = AppIcon;
				INFOPLIST_FILE = "Web Service Example/Info.plist";
				LD_RUNPATH_SEARCH_PATHS = "$(inherited) @executable_path/Frameworks";
				PRODUCT_BUNDLE_IDENTIFIER = "com.thinkful.Web-Service-Example";
				PRODUCT_NAME = "$(TARGET_NAME)";
			};
			name = Release;
		};
/* End XCBuildConfiguration section */

/* Begin XCConfigurationList section */
		680A4FBB1CE9FACD0049B8B1 /* Build configuration list for PBXProject "Web Service Example" */ = {
			isa = XCConfigurationList;
			buildConfigurations = (
				680A4FD01CE9FACD0049B8B1 /* Debug */,
				680A4FD11CE9FACD0049B8B1 /* Release */,
			);
			defaultConfigurationIsVisible = 0;
			defaultConfigurationName = Release;
		};
		680A4FD21CE9FACD0049B8B1 /* Build configuration list for PBXNativeTarget "Web Service Example" */ = {
			isa = XCConfigurationList;
			buildConfigurations = (
				680A4FD31CE9FACD0049B8B1 /* Debug */,
				680A4FD41CE9FACD0049B8B1 /* Release */,
			);
			defaultConfigurationIsVisible = 0;
		};
/* End XCConfigurationList section */
	};
	rootObject = 680A4FB81CE9FACD0049B8B1 /* Project object */;
}
